// !$*UTF8*$!
{
	archiveVersion = 1;
	classes = {
	};
	objectVersion = 46;
	objects = {

/* Begin PBXBuildFile section */
		65BE179A1BF23428000F4503 /* task13.cpp in Sources */ = {isa = PBXBuildFile; fileRef = 65BE17991BF23428000F4503 /* task13.cpp */; };
		65BE17A11BF24CCC000F4503 /* task14.cpp in Sources */ = {isa = PBXBuildFile; fileRef = 65BE17A01BF24CCC000F4503 /* task14.cpp */; };
/* End PBXBuildFile section */

/* Begin PBXCopyFilesBuildPhase section */
		65BE17941BF23428000F4503 /* CopyFiles */ = {
			isa = PBXCopyFilesBuildPhase;
			buildActionMask = 2147483647;
			dstPath = /usr/share/man/man1/;
			dstSubfolderSpec = 0;
			files = (
			);
			runOnlyForDeploymentPostprocessing = 1;
		};
/* End PBXCopyFilesBuildPhase section */

/* Begin PBXFileReference section */
		65BE17961BF23428000F4503 /* task13 */ = {isa = PBXFileReference; explicitFileType = "compiled.mach-o.executable"; includeInIndex = 0; path = task13; sourceTree = BUILT_PRODUCTS_DIR; };
		65BE17991BF23428000F4503 /* task13.cpp */ = {isa = PBXFileReference; lastKnownFileType = sourcecode.cpp.cpp; path = task13.cpp; sourceTree = "<group>"; };
		65BE17A01BF24CCC000F4503 /* task14.cpp */ = {isa = PBXFileReference; fileEncoding = 4; lastKnownFileType = sourcecode.cpp.cpp; path = task14.cpp; sourceTree = "<group>"; };
/* End PBXFileReference section */

/* Begin PBXFrameworksBuildPhase section */
		65BE17931BF23428000F4503 /* Frameworks */ = {
			isa = PBXFrameworksBuildPhase;
			buildActionMask = 2147483647;
			files = (
			);
			runOnlyForDeploymentPostprocessing = 0;
		};
/* End PBXFrameworksBuildPhase section */

/* Begin PBXGroup section */
		65BE178D1BF23428000F4503 = {
			isa = PBXGroup;
			children = (
				65BE17981BF23428000F4503 /* task13 */,
				65BE17971BF23428000F4503 /* Products */,
			);
			sourceTree = "<group>";
		};
		65BE17971BF23428000F4503 /* Products */ = {
			isa = PBXGroup;
			children = (
				65BE17961BF23428000F4503 /* task13 */,
			);
			name = Products;
			sourceTree = "<group>";
		};
		65BE17981BF23428000F4503 /* task13 */ = {
			isa = PBXGroup;
			children = (
				65BE17991BF23428000F4503 /* task13.cpp */,
				65BE17A01BF24CCC000F4503 /* task14.cpp */,
			);
			path = task13;
			sourceTree = "<group>";
		};
/* End PBXGroup section */

/* Begin PBXNativeTarget section */
		65BE17951BF23428000F4503 /* task13 */ = {
			isa = PBXNativeTarget;
			buildConfigurationList = 65BE179D1BF23428000F4503 /* Build configuration list for PBXNativeTarget "task13" */;
			buildPhases = (
				65BE17921BF23428000F4503 /* Sources */,
				65BE17931BF23428000F4503 /* Frameworks */,
				65BE17941BF23428000F4503 /* CopyFiles */,
			);
			buildRules = (
			);
			dependencies = (
			);
			name = task13;
			productName = task13;
			productReference = 65BE17961BF23428000F4503 /* task13 */;
			productType = "com.apple.product-type.tool";
		};
/* End PBXNativeTarget section */

/* Begin PBXProject section */
		65BE178E1BF23428000F4503 /* Project object */ = {
			isa = PBXProject;
			attributes = {
				LastUpgradeCheck = 0640;
				ORGANIZATIONNAME = "Игорь Бисарнов";
				TargetAttributes = {
					65BE17951BF23428000F4503 = {
						CreatedOnToolsVersion = 6.4;
					};
				};
			};
			buildConfigurationList = 65BE17911BF23428000F4503 /* Build configuration list for PBXProject "task13" */;
			compatibilityVersion = "Xcode 3.2";
			developmentRegion = English;
			hasScannedForEncodings = 0;
			knownRegions = (
				en,
			);
			mainGroup = 65BE178D1BF23428000F4503;
			productRefGroup = 65BE17971BF23428000F4503 /* Products */;
			projectDirPath = "";
			projectRoot = "";
			targets = (
				65BE17951BF23428000F4503 /* task13 */,
			);
		};
/* End PBXProject section */

/* Begin PBXSourcesBuildPhase section */
		65BE17921BF23428000F4503 /* Sources */ = {
			isa = PBXSourcesBuildPhase;
			buildActionMask = 2147483647;
			files = (
				65BE179A1BF23428000F4503 /* task13.cpp in Sources */,
				65BE17A11BF24CCC000F4503 /* task14.cpp in Sources */,
			);
			runOnlyForDeploymentPostprocessing = 0;
		};
/* End PBXSourcesBuildPhase section */

/* Begin XCBuildConfiguration section */
		65BE179B1BF23428000F4503 /* Debug */ = {
			isa = XCBuildConfiguration;
			buildSettings = {
				ALWAYS_SEARCH_USER_PATHS = NO;
				CLANG_CXX_LANGUAGE_STANDARD = "gnu++0x";
				CLANG_CXX_LIBRARY = "libc++";
				CLANG_ENABLE_MODULES = YES;
				CLANG_ENABLE_OBJC_ARC = YES;
				CLANG_WARN_BOOL_CONVERSION = YES;
				CLANG_WARN_CONSTANT_CONVERSION = YES;
				CLANG_WARN_DIRECT_OBJC_ISA_USAGE = YES_ERROR;
				CLANG_WARN_EMPTY_BODY = YES;
				CLANG_WARN_ENUM_CONVERSION = YES;
				CLANG_WARN_INT_CONVERSION = YES;
				CLANG_WARN_OBJC_ROOT_CLASS = YES_ERROR;
				CLANG_WARN_UNREACHABLE_CODE = YES;
				CLANG_WARN__DUPLICATE_METHOD_MATCH = YES;
				COPY_PHASE_STRIP = NO;
				DEBUG_INFORMATION_FORMAT = dwarf;
				ENABLE_STRICT_OBJC_MSGSEND = YES;
				GCC_C_LANGUAGE_STANDARD = gnu99;
				GCC_DYNAMIC_NO_PIC = NO;
				GCC_NO_COMMON_BLOCKS = YES;
				GCC_OPTIMIZATION_LEVEL = 0;
				GCC_PREPROCESSOR_DEFINITIONS = (
					"DEBUG=1",
					"$(inherited)",
				);
				GCC_SYMBOLS_PRIVATE_EXTERN = NO;
				GCC_WARN_64_TO_32_BIT_CONVERSION = YES;
				GCC_WARN_ABOUT_RETURN_TYPE = YES_ERROR;
				GCC_WARN_UNDECLARED_SELECTOR = YES;
				GCC_WARN_UNINITIALIZED_AUTOS = YES_AGGRESSIVE;
				GCC_WARN_UNUSED_FUNCTION = YES;
				GCC_WARN_UNUSED_VARIABLE = YES;
				MACOSX_DEPLOYMENT_TARGET = 10.10;
				MTL_ENABLE_DEBUG_INFO = YES;
				ONLY_ACTIVE_ARCH = YES;
				SDKROOT = macosx;
			};
			name = Debug;
		};
		65BE179C1BF23428000F4503 /* Release */ = {
			isa = XCBuildConfiguration;
			buildSettings = {
				ALWAYS_SEARCH_USER_PATHS = NO;
				CLANG_CXX_LANGUAGE_STANDARD = "gnu++0x";
				CLANG_CXX_LIBRARY = "libc++";
				CLANG_ENABLE_MODULES = YES;
				CLANG_ENABLE_OBJC_ARC = YES;
				CLANG_WARN_BOOL_CONVERSION = YES;
				CLANG_WARN_CONSTANT_CONVERSION = YES;
				CLANG_WARN_DIRECT_OBJC_ISA_USAGE = YES_ERROR;
				CLANG_WARN_EMPTY_BODY = YES;
				CLANG_WARN_ENUM_CONVERSION = YES;
				CLANG_WARN_INT_CONVERSION = YES;
				CLANG_WARN_OBJC_ROOT_CLASS = YES_ERROR;
				CLANG_WARN_UNREACHABLE_CODE = YES;
				CLANG_WARN__DUPLICATE_METHOD_MATCH = YES;
				COPY_PHASE_STRIP = NO;
				DEBUG_INFORMATION_FORMAT = "dwarf-with-dsym";
				ENABLE_NS_ASSERTIONS = NO;
				ENABLE_STRICT_OBJC_MSGSEND = YES;
				GCC_C_LANGUAGE_STANDARD = gnu99;
				GCC_NO_COMMON_BLOCKS = YES;
				GCC_WARN_64_TO_32_BIT_CONVERSION = YES;
				GCC_WARN_ABOUT_RETURN_TYPE = YES_ERROR;
				GCC_WARN_UNDECLARED_SELECTOR = YES;
				GCC_WARN_UNINITIALIZED_AUTOS = YES_AGGRESSIVE;
				GCC_WARN_UNUSED_FUNCTION = YES;
				GCC_WARN_UNUSED_VARIABLE = YES;
				MACOSX_DEPLOYMENT_TARGET = 10.10;
				MTL_ENABLE_DEBUG_INFO = NO;
				SDKROOT = macosx;
			};
			name = Release;
		};
		65BE179E1BF23428000F4503 /* Debug */ = {
			isa = XCBuildConfiguration;
			buildSettings = {
				PRODUCT_NAME = "$(TARGET_NAME)";
			};
			name = Debug;
		};
		65BE179F1BF23428000F4503 /* Release */ = {
			isa = XCBuildConfiguration;
			buildSettings = {
				PRODUCT_NAME = "$(TARGET_NAME)";
			};
			name = Release;
		};
/* End XCBuildConfiguration section */

/* Begin XCConfigurationList section */
		65BE17911BF23428000F4503 /* Build configuration list for PBXProject "task13" */ = {
			isa = XCConfigurationList;
			buildConfigurations = (
				65BE179B1BF23428000F4503 /* Debug */,
				65BE179C1BF23428000F4503 /* Release */,
			);
			defaultConfigurationIsVisible = 0;
			defaultConfigurationName = Release;
		};
		65BE179D1BF23428000F4503 /* Build configuration list for PBXNativeTarget "task13" */ = {
			isa = XCConfigurationList;
			buildConfigurations = (
				65BE179E1BF23428000F4503 /* Debug */,
				65BE179F1BF23428000F4503 /* Release */,
			);
			defaultConfigurationIsVisible = 0;
		};
/* End XCConfigurationList section */
	};
	rootObject = 65BE178E1BF23428000F4503 /* Project object */;
}
